
Microsoft Visual Studio Solution File, Format Version 12.00
# Visual Studio Version 17
VisualStudioVersion = 17.6.33829.357
MinimumVisualStudioVersion = 10.0.40219.1
Project("{9A19103F-16F7-4668-BE54-9A1E7A4F7556}") = "arriel.chat.server", "arriel.chat.server\arriel.chat.server.csproj", "{45D51500-AD66-4540-8D15-B6F4DB48798C}"
EndProject
Project("{9A19103F-16F7-4668-BE54-9A1E7A4F7556}") = "arriel.chat.client", "arriel.chat.client\arriel.chat.client.csproj", "{2DCF586F-2E26-4149-9F82-0C3D61B7A572}"
EndProject
Global
	GlobalSection(SolutionConfigurationPlatforms) = preSolution
		Debug|Any CPU = Debug|Any CPU
		Release|Any CPU = Release|Any CPU
	EndGlobalSection
	GlobalSection(ProjectConfigurationPlatforms) = postSolution
		{45D51500-AD66-4540-8D15-B6F4DB48798C}.Debug|Any CPU.ActiveCfg = Debug|Any CPU
		{45D51500-AD66-4540-8D15-B6F4DB48798C}.Debug|Any CPU.Build.0 = Debug|Any CPU
		{45D51500-AD66-4540-8D15-B6F4DB48798C}.Release|Any CPU.ActiveCfg = Release|Any CPU
		{45D51500-AD66-4540-8D15-B6F4DB48798C}.Release|Any CPU.Build.0 = Release|Any CPU
		{2DCF586F-2E26-4149-9F82-0C3D61B7A572}.Debug|Any CPU.ActiveCfg = Debug|Any CPU
		{2DCF586F-2E26-4149-9F82-0C3D61B7A572}.Debug|Any CPU.Build.0 = Debug|Any CPU
		{2DCF586F-2E26-4149-9F82-0C3D61B7A572}.Release|Any CPU.ActiveCfg = Release|Any CPU
		{2DCF586F-2E26-4149-9F82-0C3D61B7A572}.Release|Any CPU.Build.0 = Release|Any CPU
	EndGlobalSection
	GlobalSection(SolutionProperties) = preSolution
		HideSolutionNode = FALSE
	EndGlobalSection
	GlobalSection(ExtensibilityGlobals) = postSolution
		SolutionGuid = {392E4FC6-E7CC-4187-A305-744FEC8CACB1}
	EndGlobalSection
EndGlobal
